
Microsoft Visual Studio Solution File, Format Version 12.00
# Visual Studio Version 17
VisualStudioVersion = 17.12.35527.113 d17.12
MinimumVisualStudioVersion = 10.0.40219.1
Project("{FAE04EC0-301F-11D3-BF4B-00C04F79EFBC}") = "DGDataConcurrencyHelper", "DGDataConcurrencyHelper\DGDataConcurrencyHelper.csproj", "{1513FE6C-E788-4727-82D3-FB7AB86BCB45}"
EndProject
Project("{FAE04EC0-301F-11D3-BF4B-00C04F79EFBC}") = "DGDataConcurrencyHelper.Test", "DGDataConcurrencyHelper.Test\DGDataConcurrencyHelper.Test.csproj", "{CBC29D28-C58D-4174-858B-A8896D2E7152}"
EndProject
Global
	GlobalSection(SolutionConfigurationPlatforms) = preSolution
		Debug|Any CPU = Debug|Any CPU
		Release|Any CPU = Release|Any CPU
	EndGlobalSection
	GlobalSection(ProjectConfigurationPlatforms) = postSolution
		{1513FE6C-E788-4727-82D3-FB7AB86BCB45}.Debug|Any CPU.ActiveCfg = Debug|Any CPU
		{1513FE6C-E788-4727-82D3-FB7AB86BCB45}.Debug|Any CPU.Build.0 = Debug|Any CPU
		{1513FE6C-E788-4727-82D3-FB7AB86BCB45}.Release|Any CPU.ActiveCfg = Release|Any CPU
		{1513FE6C-E788-4727-82D3-FB7AB86BCB45}.Release|Any CPU.Build.0 = Release|Any CPU
		{CBC29D28-C58D-4174-858B-A8896D2E7152}.Debug|Any CPU.ActiveCfg = Debug|Any CPU
		{CBC29D28-C58D-4174-858B-A8896D2E7152}.Debug|Any CPU.Build.0 = Debug|Any CPU
		{CBC29D28-C58D-4174-858B-A8896D2E7152}.Release|Any CPU.ActiveCfg = Release|Any CPU
		{CBC29D28-C58D-4174-858B-A8896D2E7152}.Release|Any CPU.Build.0 = Release|Any CPU
	EndGlobalSection
	GlobalSection(SolutionProperties) = preSolution
		HideSolutionNode = FALSE
	EndGlobalSection
	GlobalSection(ExtensibilityGlobals) = postSolution
		SolutionGuid = {7573941B-7793-4BF7-8C17-EAC2D56F357B}
	EndGlobalSection
EndGlobal
